
Microsoft Visual Studio Solution File, Format Version 12.00
# Visual Studio 2013
VisualStudioVersion = 12.0.30723.0
MinimumVisualStudioVersion = 10.0.40219.1
Project("{FAE04EC0-301F-11D3-BF4B-00C04F79EFBC}") = "FileDbCache", "Caching\FileDbCache\FileDbCache.csproj", "{EF44F661-B98A-4676-927F-85D138F82300}"
EndProject
Project("{FAE04EC0-301F-11D3-BF4B-00C04F79EFBC}") = "ImageFileCache", "Caching\ImageFileCache\ImageFileCache.csproj", "{86470440-FEE2-4120-AF5A-3762FB9C536F}"
EndProject
Project("{FAE04EC0-301F-11D3-BF4B-00C04F79EFBC}") = "MapControl.WPF", "MapControl\MapControl.WPF.csproj", "{226F3575-B683-446D-A2F0-181291DC8787}"
EndProject
Project("{FAE04EC0-301F-11D3-BF4B-00C04F79EFBC}") = "WpfApplication", "WpfApplication\WpfApplication.csproj", "{9949326E-9261-4F95-89B1-151F60498951}"
EndProject
Global
	GlobalSection(SolutionConfigurationPlatforms) = preSolution
		Debug|Any CPU = Debug|Any CPU
		Release|Any CPU = Release|Any CPU
	EndGlobalSection
	GlobalSection(ProjectConfigurationPlatforms) = postSolution
		{EF44F661-B98A-4676-927F-85D138F82300}.Debug|Any CPU.ActiveCfg = Debug|Any CPU
		{EF44F661-B98A-4676-927F-85D138F82300}.Debug|Any CPU.Build.0 = Debug|Any CPU
		{EF44F661-B98A-4676-927F-85D138F82300}.Release|Any CPU.ActiveCfg = Release|Any CPU
		{EF44F661-B98A-4676-927F-85D138F82300}.Release|Any CPU.Build.0 = Release|Any CPU
		{86470440-FEE2-4120-AF5A-3762FB9C536F}.Debug|Any CPU.ActiveCfg = Debug|Any CPU
		{86470440-FEE2-4120-AF5A-3762FB9C536F}.Debug|Any CPU.Build.0 = Debug|Any CPU
		{86470440-FEE2-4120-AF5A-3762FB9C536F}.Release|Any CPU.ActiveCfg = Release|Any CPU
		{86470440-FEE2-4120-AF5A-3762FB9C536F}.Release|Any CPU.Build.0 = Release|Any CPU
		{226F3575-B683-446D-A2F0-181291DC8787}.Debug|Any CPU.ActiveCfg = Debug|Any CPU
		{226F3575-B683-446D-A2F0-181291DC8787}.Debug|Any CPU.Build.0 = Debug|Any CPU
		{226F3575-B683-446D-A2F0-181291DC8787}.Release|Any CPU.ActiveCfg = Release|Any CPU
		{226F3575-B683-446D-A2F0-181291DC8787}.Release|Any CPU.Build.0 = Release|Any CPU
		{9949326E-9261-4F95-89B1-151F60498951}.Debug|Any CPU.ActiveCfg = Debug|Any CPU
		{9949326E-9261-4F95-89B1-151F60498951}.Debug|Any CPU.Build.0 = Debug|Any CPU
		{9949326E-9261-4F95-89B1-151F60498951}.Release|Any CPU.ActiveCfg = Release|Any CPU
		{9949326E-9261-4F95-89B1-151F60498951}.Release|Any CPU.Build.0 = Release|Any CPU
	EndGlobalSection
	GlobalSection(SolutionProperties) = preSolution
		HideSolutionNode = FALSE
	EndGlobalSection
EndGlobal
